
Microsoft Visual Studio Solution File, Format Version 10.00
# Visual Studio 2008
Project("{8BC9CEB8-8B4A-11D0-8D11-00A0C91BC942}") = "AGE_LevelEditor", "AGE_LevelEditor\AGE_LevelEditor.vcproj", "{7F56C03E-DF76-4053-9016-C77BD44E016F}"
EndProject
Global
	GlobalSection(SolutionConfigurationPlatforms) = preSolution
		Debug|Win32 = Debug|Win32
		Release|Win32 = Release|Win32
	EndGlobalSection
	GlobalSection(ProjectConfigurationPlatforms) = postSolution
		{7F56C03E-DF76-4053-9016-C77BD44E016F}.Debug|Win32.ActiveCfg = Debug|Win32
		{7F56C03E-DF76-4053-9016-C77BD44E016F}.Debug|Win32.Build.0 = Debug|Win32
		{7F56C03E-DF76-4053-9016-C77BD44E016F}.Release|Win32.ActiveCfg = Release|Win32
		{7F56C03E-DF76-4053-9016-C77BD44E016F}.Release|Win32.Build.0 = Release|Win32
	EndGlobalSection
	GlobalSection(SolutionProperties) = preSolution
		HideSolutionNode = FALSE
	EndGlobalSection
EndGlobal
