
Microsoft Visual Studio Solution File, Format Version 10.00
# Visual Studio 2008
Project("{8BC9CEB8-8B4A-11D0-8D11-00A0C91BC942}") = "Ascii Game Library", "Ascii Game Library\Ascii Game Library.vcproj", "{50F82172-CD1F-47C0-9E21-EC1C585A9E7F}"
EndProject
Global
	GlobalSection(SolutionConfigurationPlatforms) = preSolution
		Debug|Win32 = Debug|Win32
		Release|Win32 = Release|Win32
	EndGlobalSection
	GlobalSection(ProjectConfigurationPlatforms) = postSolution
		{50F82172-CD1F-47C0-9E21-EC1C585A9E7F}.Debug|Win32.ActiveCfg = Debug|Win32
		{50F82172-CD1F-47C0-9E21-EC1C585A9E7F}.Debug|Win32.Build.0 = Debug|Win32
		{50F82172-CD1F-47C0-9E21-EC1C585A9E7F}.Release|Win32.ActiveCfg = Release|Win32
		{50F82172-CD1F-47C0-9E21-EC1C585A9E7F}.Release|Win32.Build.0 = Release|Win32
	EndGlobalSection
	GlobalSection(SolutionProperties) = preSolution
		HideSolutionNode = FALSE
	EndGlobalSection
EndGlobal
